Microsoft Visual Studio Solution File, Format Version 12.00
# Visual Studio Version 17
VisualStudioVersion = 17.5.2.0
MinimumVisualStudioVersion = 10.0.40219.1
Project("{2150E333-8FDC-42A3-9474-1A3956D46DE8}") = "src", "src", "{44D41B77-2919-4102-ACF3-98743E2766D6}"
EndProject
Project("{FAE04EC0-301F-11D3-BF4B-00C04F79EFBC}") = "Aether.Domain", "src\Aether.Domain\Aether.Domain.csproj", "{C80DE720-BFC8-4957-9328-89FCFA00BC65}"
EndProject
Project("{FAE04EC0-301F-11D3-BF4B-00C04F79EFBC}") = "Aether.Application", "src\Aether.Application\Aether.Application.csproj", "{889B4A5F-89E8-4D98-B731-2D77C6A5082A}"
EndProject
Project("{FAE04EC0-301F-11D3-BF4B-00C04F79EFBC}") = "Aether.Infrastructure", "src\Aether.Infrastructure\Aether.Infrastructure.csproj", "{D1E0FEAF-2482-4F73-8FFA-1C4CDCF7C0E9}"
EndProject
Project("{FAE04EC0-301F-11D3-BF4B-00C04F79EFBC}") = "Aether.Console", "src\Aether.Console\Aether.Console.csproj", "{ED92889D-83A2-4288-900E-9CF012905E4D}"
EndProject
Project("{2150E333-8FDC-42A3-9474-1A3956D46DE8}") = "tests", "tests", "{25B2DBC7-8941-4F8E-AE1A-E149CFAA3EAB}"
EndProject
Project("{FAE04EC0-301F-11D3-BF4B-00C04F79EFBC}") = "Aether.Tests", "tests\Aether.Tests\Aether.Tests.csproj", "{BE3422DD-4389-49E2-A967-B18203CF4E75}"
EndProject
Project("{FAE04EC0-301F-11D3-BF4B-00C04F79EFBC}") = "Aether.Api", "src\Aether.Api\Aether.Api.csproj", "{34578C21-2368-4EB7-B629-E270FF712A0C}"
EndProject
Project("{FAE04EC0-301F-11D3-BF4B-00C04F79EFBC}") = "Aether.WpfApp", "src\Aether.WpfApp\Aether.WpfApp.csproj", "{7C51C3D2-7B2E-4C7D-9D6E-6BC2DF2B9F10}"
EndProject
Global
	GlobalSection(SolutionProperties) = preSolution
		HideSolutionNode = FALSE
	EndGlobalSection
	GlobalSection(ExtensibilityGlobals) = postSolution
		SolutionGuid = {2FE0BFEE-D18B-4874-A431-48ADB823CE21}
	EndGlobalSection
	GlobalSection(SolutionConfigurationPlatforms) = preSolution
		Debug|Any CPU = Debug|Any CPU
		Debug|x64 = Debug|x64
		Debug|x86 = Debug|x86
		Release|Any CPU = Release|Any CPU
		Release|x64 = Release|x64
		Release|x86 = Release|x86
	EndGlobalSection
	GlobalSection(ProjectConfigurationPlatforms) = postSolution
		{C80DE720-BFC8-4957-9328-89FCFA00BC65}.Debug|Any CPU.ActiveCfg = Debug|Any CPU
		{C80DE720-BFC8-4957-9328-89FCFA00BC65}.Debug|Any CPU.Build.0 = Debug|Any CPU
		{C80DE720-BFC8-4957-9328-89FCFA00BC65}.Debug|x64.ActiveCfg = Debug|Any CPU
		{C80DE720-BFC8-4957-9328-89FCFA00BC65}.Debug|x64.Build.0 = Debug|Any CPU
		{C80DE720-BFC8-4957-9328-89FCFA00BC65}.Debug|x86.ActiveCfg = Debug|Any CPU
		{C80DE720-BFC8-4957-9328-89FCFA00BC65}.Debug|x86.Build.0 = Debug|Any CPU
		{C80DE720-BFC8-4957-9328-89FCFA00BC65}.Release|Any CPU.ActiveCfg = Release|Any CPU
		{C80DE720-BFC8-4957-9328-89FCFA00BC65}.Release|Any CPU.Build.0 = Release|Any CPU
		{C80DE720-BFC8-4957-9328-89FCFA00BC65}.Release|x64.ActiveCfg = Release|Any CPU
		{C80DE720-BFC8-4957-9328-89FCFA00BC65}.Release|x64.Build.0 = Release|Any CPU
		{C80DE720-BFC8-4957-9328-89FCFA00BC65}.Release|x86.ActiveCfg = Release|Any CPU
		{C80DE720-BFC8-4957-9328-89FCFA00BC65}.Release|x86.Build.0 = Release|Any CPU
		{889B4A5F-89E8-4D98-B731-2D77C6A5082A}.Debug|Any CPU.ActiveCfg = Debug|Any CPU
		{889B4A5F-89E8-4D98-B731-2D77C6A5082A}.Debug|Any CPU.Build.0 = Debug|Any CPU
		{889B4A5F-89E8-4D98-B731-2D77C6A5082A}.Debug|x64.ActiveCfg = Debug|Any CPU
		{889B4A5F-89E8-4D98-B731-2D77C6A5082A}.Debug|x64.Build.0 = Debug|Any CPU
		{889B4A5F-89E8-4D98-B731-2D77C6A5082A}.Debug|x86.ActiveCfg = Debug|Any CPU
		{889B4A5F-89E8-4D98-B731-2D77C6A5082A}.Debug|x86.Build.0 = Debug|Any CPU
		{889B4A5F-89E8-4D98-B731-2D77C6A5082A}.Release|Any CPU.ActiveCfg = Release|Any CPU
		{889B4A5F-89E8-4D98-B731-2D77C6A5082A}.Release|Any CPU.Build.0 = Release|Any CPU
		{889B4A5F-89E8-4D98-B731-2D77C6A5082A}.Release|x64.ActiveCfg = Release|Any CPU
		{889B4A5F-89E8-4D98-B731-2D77C6A5082A}.Release|x64.Build.0 = Release|Any CPU
		{889B4A5F-89E8-4D98-B731-2D77C6A5082A}.Release|x86.ActiveCfg = Release|Any CPU
		{889B4A5F-89E8-4D98-B731-2D77C6A5082A}.Release|x86.Build.0 = Release|Any CPU
		{D1E0FEAF-2482-4F73-8FFA-1C4CDCF7C0E9}.Debug|Any CPU.ActiveCfg = Debug|Any CPU
		{D1E0FEAF-2482-4F73-8FFA-1C4CDCF7C0E9}.Debug|Any CPU.Build.0 = Debug|Any CPU
		{D1E0FEAF-2482-4F73-8FFA-1C4CDCF7C0E9}.Debug|x64.ActiveCfg = Debug|Any CPU
		{D1E0FEAF-2482-4F73-8FFA-1C4CDCF7C0E9}.Debug|x64.Build.0 = Debug|Any CPU
		{D1E0FEAF-2482-4F73-8FFA-1C4CDCF7C0E9}.Debug|x86.ActiveCfg = Debug|Any CPU
		{D1E0FEAF-2482-4F73-8FFA-1C4CDCF7C0E9}.Debug|x86.Build.0 = Debug|Any CPU
		{D1E0FEAF-2482-4F73-8FFA-1C4CDCF7C0E9}.Release|Any CPU.ActiveCfg = Release|Any CPU
		{D1E0FEAF-2482-4F73-8FFA-1C4CDCF7C0E9}.Release|Any CPU.Build.0 = Release|Any CPU
		{D1E0FEAF-2482-4F73-8FFA-1C4CDCF7C0E9}.Release|x64.ActiveCfg = Release|Any CPU
		{D1E0FEAF-2482-4F73-8FFA-1C4CDCF7C0E9}.Release|x64.Build.0 = Release|Any CPU
		{D1E0FEAF-2482-4F73-8FFA-1C4CDCF7C0E9}.Release|x86.ActiveCfg = Release|Any CPU
		{D1E0FEAF-2482-4F73-8FFA-1C4CDCF7C0E9}.Release|x86.Build.0 = Release|Any CPU
		{ED92889D-83A2-4288-900E-9CF012905E4D}.Debug|Any CPU.ActiveCfg = Debug|Any CPU
		{ED92889D-83A2-4288-900E-9CF012905E4D}.Debug|Any CPU.Build.0 = Debug|Any CPU
		{ED92889D-83A2-4288-900E-9CF012905E4D}.Debug|x64.ActiveCfg = Debug|Any CPU
		{ED92889D-83A2-4288-900E-9CF012905E4D}.Debug|x64.Build.0 = Debug|Any CPU
		{ED92889D-83A2-4288-900E-9CF012905E4D}.Debug|x86.ActiveCfg = Debug|Any CPU
		{ED92889D-83A2-4288-900E-9CF012905E4D}.Debug|x86.Build.0 = Debug|Any CPU
		{ED92889D-83A2-4288-900E-9CF012905E4D}.Release|Any CPU.ActiveCfg = Release|Any CPU
		{ED92889D-83A2-4288-900E-9CF012905E4D}.Release|Any CPU.Build.0 = Release|Any CPU
		{ED92889D-83A2-4288-900E-9CF012905E4D}.Release|x64.ActiveCfg = Release|Any CPU
		{ED92889D-83A2-4288-900E-9CF012905E4D}.Release|x64.Build.0 = Release|Any CPU
		{ED92889D-83A2-4288-900E-9CF012905E4D}.Release|x86.ActiveCfg = Release|Any CPU
		{ED92889D-83A2-4288-900E-9CF012905E4D}.Release|x86.Build.0 = Release|Any CPU
		{BE3422DD-4389-49E2-A967-B18203CF4E75}.Debug|Any CPU.ActiveCfg = Debug|Any CPU
		{BE3422DD-4389-49E2-A967-B18203CF4E75}.Debug|Any CPU.Build.0 = Debug|Any CPU
		{BE3422DD-4389-49E2-A967-B18203CF4E75}.Debug|x64.ActiveCfg = Debug|Any CPU
		{BE3422DD-4389-49E2-A967-B18203CF4E75}.Debug|x64.Build.0 = Debug|Any CPU
		{BE3422DD-4389-49E2-A967-B18203CF4E75}.Debug|x86.ActiveCfg = Debug|Any CPU
		{BE3422DD-4389-49E2-A967-B18203CF4E75}.Debug|x86.Build.0 = Debug|Any CPU
		{BE3422DD-4389-49E2-A967-B18203CF4E75}.Release|Any CPU.ActiveCfg = Release|Any CPU
		{BE3422DD-4389-49E2-A967-B18203CF4E75}.Release|Any CPU.Build.0 = Release|Any CPU
		{BE3422DD-4389-49E2-A967-B18203CF4E75}.Release|x64.ActiveCfg = Release|Any CPU
		{BE3422DD-4389-49E2-A967-B18203CF4E75}.Release|x64.Build.0 = Release|Any CPU
		{BE3422DD-4389-49E2-A967-B18203CF4E75}.Release|x86.ActiveCfg = Release|Any CPU
		{BE3422DD-4389-49E2-A967-B18203CF4E75}.Release|x86.Build.0 = Release|Any CPU
		{34578C21-2368-4EB7-B629-E270FF712A0C}.Debug|Any CPU.ActiveCfg = Debug|Any CPU
		{34578C21-2368-4EB7-B629-E270FF712A0C}.Debug|Any CPU.Build.0 = Debug|Any CPU
		{34578C21-2368-4EB7-B629-E270FF712A0C}.Debug|x64.ActiveCfg = Debug|Any CPU
		{34578C21-2368-4EB7-B629-E270FF712A0C}.Debug|x64.Build.0 = Debug|Any CPU
		{34578C21-2368-4EB7-B629-E270FF712A0C}.Debug|x86.ActiveCfg = Debug|Any CPU
		{34578C21-2368-4EB7-B629-E270FF712A0C}.Debug|x86.Build.0 = Debug|Any CPU
		{34578C21-2368-4EB7-B629-E270FF712A0C}.Release|Any CPU.ActiveCfg = Release|Any CPU
		{34578C21-2368-4EB7-B629-E270FF712A0C}.Release|Any CPU.Build.0 = Release|Any CPU
		{34578C21-2368-4EB7-B629-E270FF712A0C}.Release|x64.ActiveCfg = Release|Any CPU
		{34578C21-2368-4EB7-B629-E270FF712A0C}.Release|x64.Build.0 = Release|Any CPU
		{34578C21-2368-4EB7-B629-E270FF712A0C}.Release|x86.ActiveCfg = Release|Any CPU
		{34578C21-2368-4EB7-B629-E270FF712A0C}.Release|x86.Build.0 = Release|Any CPU
		{7C51C3D2-7B2E-4C7D-9D6E-6BC2DF2B9F10}.Debug|Any CPU.ActiveCfg = Debug|Any CPU
		{7C51C3D2-7B2E-4C7D-9D6E-6BC2DF2B9F10}.Debug|Any CPU.Build.0 = Debug|Any CPU
		{7C51C3D2-7B2E-4C7D-9D6E-6BC2DF2B9F10}.Debug|x64.ActiveCfg = Debug|Any CPU
		{7C51C3D2-7B2E-4C7D-9D6E-6BC2DF2B9F10}.Debug|x64.Build.0 = Debug|Any CPU
		{7C51C3D2-7B2E-4C7D-9D6E-6BC2DF2B9F10}.Debug|x86.ActiveCfg = Debug|Any CPU
		{7C51C3D2-7B2E-4C7D-9D6E-6BC2DF2B9F10}.Debug|x86.Build.0 = Debug|Any CPU
		{7C51C3D2-7B2E-4C7D-9D6E-6BC2DF2B9F10}.Release|Any CPU.ActiveCfg = Release|Any CPU
		{7C51C3D2-7B2E-4C7D-9D6E-6BC2DF2B9F10}.Release|Any CPU.Build.0 = Release|Any CPU
		{7C51C3D2-7B2E-4C7D-9D6E-6BC2DF2B9F10}.Release|x64.ActiveCfg = Release|Any CPU
		{7C51C3D2-7B2E-4C7D-9D6E-6BC2DF2B9F10}.Release|x64.Build.0 = Release|Any CPU
		{7C51C3D2-7B2E-4C7D-9D6E-6BC2DF2B9F10}.Release|x86.ActiveCfg = Release|Any CPU
		{7C51C3D2-7B2E-4C7D-9D6E-6BC2DF2B9F10}.Release|x86.Build.0 = Release|Any CPU
	EndGlobalSection
	GlobalSection(NestedProjects) = preSolution
		{C80DE720-BFC8-4957-9328-89FCFA00BC65} = {44D41B77-2919-4102-ACF3-98743E2766D6}
		{889B4A5F-89E8-4D98-B731-2D77C6A5082A} = {44D41B77-2919-4102-ACF3-98743E2766D6}
		{D1E0FEAF-2482-4F73-8FFA-1C4CDCF7C0E9} = {44D41B77-2919-4102-ACF3-98743E2766D6}
		{ED92889D-83A2-4288-900E-9CF012905E4D} = {44D41B77-2919-4102-ACF3-98743E2766D6}
		{BE3422DD-4389-49E2-A967-B18203CF4E75} = {25B2DBC7-8941-4F8E-AE1A-E149CFAA3EAB}
		{34578C21-2368-4EB7-B629-E270FF712A0C} = {44D41B77-2919-4102-ACF3-98743E2766D6}
		{7C51C3D2-7B2E-4C7D-9D6E-6BC2DF2B9F10} = {44D41B77-2919-4102-ACF3-98743E2766D6}
	EndGlobalSection
EndGlobal
